// !$*UTF8*$!
{
	archiveVersion = 1;
	classes = {
	};
	objectVersion = 51;
	objects = {

/* Begin PBXBuildFile section */
		149150BE2D4CA194A93C0868 /* Pods_BSTU_App.framework in Frameworks */ = {isa = PBXBuildFile; fileRef = F96B8A8E8421A5DF88E0A7CF /* Pods_BSTU_App.framework */; };
		CE009EEB25D6A20D00CA8604 /* UniversityCorpsViewModel.swift in Sources */ = {isa = PBXBuildFile; fileRef = CE009EEA25D6A20D00CA8604 /* UniversityCorpsViewModel.swift */; };
		CE009EED25D6AC8B00CA8604 /* MarkerMapper.swift in Sources */ = {isa = PBXBuildFile; fileRef = CE009EEC25D6AC8B00CA8604 /* MarkerMapper.swift */; };
		CE009EEF25D6B35D00CA8604 /* PremiseMapper.swift in Sources */ = {isa = PBXBuildFile; fileRef = CE009EEE25D6B35D00CA8604 /* PremiseMapper.swift */; };
		CE009EF125D6C18100CA8604 /* admin_bstuDB.sqlite3 in Resources */ = {isa = PBXBuildFile; fileRef = CE009EF025D6C18000CA8604 /* admin_bstuDB.sqlite3 */; };
		CE009EF325D6F88B00CA8604 /* TypePremiseMapper.swift in Sources */ = {isa = PBXBuildFile; fileRef = CE009EF225D6F88B00CA8604 /* TypePremiseMapper.swift */; };
		CE01CC9A25C29E59001388B9 /* SearchPremiseView.xib in Resources */ = {isa = PBXBuildFile; fileRef = CE01CC9925C29E59001388B9 /* SearchPremiseView.xib */; };
		CE01CC9C25C29F75001388B9 /* SearchPremiseCellTable.xib in Resources */ = {isa = PBXBuildFile; fileRef = CE01CC9B25C29F75001388B9 /* SearchPremiseCellTable.xib */; };
		CE01CC9F25C2A496001388B9 /* SearchPremiseView.swift in Sources */ = {isa = PBXBuildFile; fileRef = CE01CC9E25C2A496001388B9 /* SearchPremiseView.swift */; };
		CE01CCA125C2A4BB001388B9 /* SearchPremiseCellTable.swift in Sources */ = {isa = PBXBuildFile; fileRef = CE01CCA025C2A4BB001388B9 /* SearchPremiseCellTable.swift */; };
		CE037E6625BC425700C50C16 /* AppDelegate.swift in Sources */ = {isa = PBXBuildFile; fileRef = CE037E6525BC425700C50C16 /* AppDelegate.swift */; };
		CE037E6A25BC425700C50C16 /* RootViewController.swift in Sources */ = {isa = PBXBuildFile; fileRef = CE037E6925BC425700C50C16 /* RootViewController.swift */; };
		CE037E6F25BC425E00C50C16 /* Assets.xcassets in Resources */ = {isa = PBXBuildFile; fileRef = CE037E6E25BC425E00C50C16 /* Assets.xcassets */; };
		CE037E7225BC425E00C50C16 /* LaunchScreen.storyboard in Resources */ = {isa = PBXBuildFile; fileRef = CE037E7025BC425E00C50C16 /* LaunchScreen.storyboard */; };
		CE04A3E125EF9B9700BE073D /* InstitutionsScreen.storyboard in Resources */ = {isa = PBXBuildFile; fileRef = CE04A3B625EF9B9600BE073D /* InstitutionsScreen.storyboard */; };
		CE04A3E225EF9B9700BE073D /* InstitutionsViewController.swift in Sources */ = {isa = PBXBuildFile; fileRef = CE04A3B725EF9B9600BE073D /* InstitutionsViewController.swift */; };
		CE04A3E325EF9B9700BE073D /* InstitutionModel.swift in Sources */ = {isa = PBXBuildFile; fileRef = CE04A3B825EF9B9600BE073D /* InstitutionModel.swift */; };
		CE04A3E425EF9B9700BE073D /* InstitutionsTableCell.swift in Sources */ = {isa = PBXBuildFile; fileRef = CE04A3BB25EF9B9600BE073D /* InstitutionsTableCell.swift */; };
		CE04A3E525EF9B9700BE073D /* InstitutionsViewModel.swift in Sources */ = {isa = PBXBuildFile; fileRef = CE04A3BC25EF9B9600BE073D /* InstitutionsViewModel.swift */; };
		CE04A3E625EF9B9700BE073D /* emptyExam.png in Resources */ = {isa = PBXBuildFile; fileRef = CE04A3BE25EF9B9600BE073D /* emptyExam.png */; };
		CE04A3E825EF9B9700BE073D /* books.png in Resources */ = {isa = PBXBuildFile; fileRef = CE04A3C025EF9B9600BE073D /* books.png */; };
		CE04A3E925EF9B9700BE073D /* leftArrow.png in Resources */ = {isa = PBXBuildFile; fileRef = CE04A3C125EF9B9600BE073D /* leftArrow.png */; };
		CE04A3EA25EF9B9700BE073D /* menu.png in Resources */ = {isa = PBXBuildFile; fileRef = CE04A3C225EF9B9600BE073D /* menu.png */; };
		CE04A3EB25EF9B9700BE073D /* dropdown.png in Resources */ = {isa = PBXBuildFile; fileRef = CE04A3C325EF9B9600BE073D /* dropdown.png */; };
		CE04A3EC25EF9B9700BE073D /* dropup.png in Resources */ = {isa = PBXBuildFile; fileRef = CE04A3C425EF9B9600BE073D /* dropup.png */; };
		CE04A3ED25EF9B9700BE073D /* okSelection.png in Resources */ = {isa = PBXBuildFile; fileRef = CE04A3C525EF9B9600BE073D /* okSelection.png */; };
		CE04A3EE25EF9B9700BE073D /* delete.png in Resources */ = {isa = PBXBuildFile; fileRef = CE04A3C625EF9B9600BE073D /* delete.png */; };
		CE04A3EF25EF9B9700BE073D /* exam.png in Resources */ = {isa = PBXBuildFile; fileRef = CE04A3C725EF9B9600BE073D /* exam.png */; };
		CE04A3F025EF9B9700BE073D /* GroupsScreen.storyboard in Resources */ = {isa = PBXBuildFile; fileRef = CE04A3CA25EF9B9600BE073D /* GroupsScreen.storyboard */; };
		CE04A3F125EF9B9700BE073D /* GroupsModel.swift in Sources */ = {isa = PBXBuildFile; fileRef = CE04A3CB25EF9B9600BE073D /* GroupsModel.swift */; };
		CE04A3F225EF9B9700BE073D /* GroupsViewModel.swift in Sources */ = {isa = PBXBuildFile; fileRef = CE04A3CC25EF9B9600BE073D /* GroupsViewModel.swift */; };
		CE04A3F325EF9B9700BE073D /* GroupsViewController.swift in Sources */ = {isa = PBXBuildFile; fileRef = CE04A3CD25EF9B9600BE073D /* GroupsViewController.swift */; };
		CE04A3F425EF9B9700BE073D /* GroupsViewCell.swift in Sources */ = {isa = PBXBuildFile; fileRef = CE04A3CF25EF9B9600BE073D /* GroupsViewCell.swift */; };
		CE04A3F525EF9B9700BE073D /* SheduleColorExtensions.swift in Sources */ = {isa = PBXBuildFile; fileRef = CE04A3D125EF9B9600BE073D /* SheduleColorExtensions.swift */; };
		CE04A3F625EF9B9700BE073D /* SheduleViewExtensions.swift in Sources */ = {isa = PBXBuildFile; fileRef = CE04A3D225EF9B9600BE073D /* SheduleViewExtensions.swift */; };
		CE04A3F725EF9B9700BE073D /* SheduleImageExtensions.swift in Sources */ = {isa = PBXBuildFile; fileRef = CE04A3D325EF9B9600BE073D /* SheduleImageExtensions.swift */; };
		CE04A3F825EF9B9700BE073D /* GroupSheduleViewController.storyboard in Resources */ = {isa = PBXBuildFile; fileRef = CE04A3D625EF9B9600BE073D /* GroupSheduleViewController.storyboard */; };
		CE04A3F925EF9B9700BE073D /* GroupSheduleCard.xib in Resources */ = {isa = PBXBuildFile; fileRef = CE04A3D725EF9B9700BE073D /* GroupSheduleCard.xib */; };
		CE04A3FA25EF9B9700BE073D /* EmptySheduleView.xib in Resources */ = {isa = PBXBuildFile; fileRef = CE04A3D825EF9B9700BE073D /* EmptySheduleView.xib */; };
		CE04A3FB25EF9B9700BE073D /* GroupSheduleViewController.swift in Sources */ = {isa = PBXBuildFile; fileRef = CE04A3D925EF9B9700BE073D /* GroupSheduleViewController.swift */; };
		CE04A3FD25EF9B9700BE073D /* GroupSheduleCard.swift in Sources */ = {isa = PBXBuildFile; fileRef = CE04A3DC25EF9B9700BE073D /* GroupSheduleCard.swift */; };
		CE04A3FE25EF9B9700BE073D /* DateSegmentedControl.swift in Sources */ = {isa = PBXBuildFile; fileRef = CE04A3DD25EF9B9700BE073D /* DateSegmentedControl.swift */; };
		CE04A3FF25EF9B9700BE073D /* EmptySheduleView.swift in Sources */ = {isa = PBXBuildFile; fileRef = CE04A3DE25EF9B9700BE073D /* EmptySheduleView.swift */; };
		CE04A40025EF9B9700BE073D /* TypeWeekCell.swift in Sources */ = {isa = PBXBuildFile; fileRef = CE04A3DF25EF9B9700BE073D /* TypeWeekCell.swift */; };
		CE04A40125EF9B9700BE073D /* GroupSheduleViewModel.swift in Sources */ = {isa = PBXBuildFile; fileRef = CE04A3E025EF9B9700BE073D /* GroupSheduleViewModel.swift */; };
		CE16978625C064F10040AE95 /* LabelExtensions.swift in Sources */ = {isa = PBXBuildFile; fileRef = CE16978525C064F10040AE95 /* LabelExtensions.swift */; };
		CE16978825C151710040AE95 /* ColorExtensions.swift in Sources */ = {isa = PBXBuildFile; fileRef = CE16978725C151710040AE95 /* ColorExtensions.swift */; };
		CE2B982A2601F3380008A2E1 /* PersonalCabinetChapterCard.xib in Resources */ = {isa = PBXBuildFile; fileRef = CE2B98292601F3380008A2E1 /* PersonalCabinetChapterCard.xib */; };
		CE2B982D2601FB1E0008A2E1 /* PersonalCabinetChapterCard.swift in Sources */ = {isa = PBXBuildFile; fileRef = CE2B982C2601FB1D0008A2E1 /* PersonalCabinetChapterCard.swift */; };
		CE37A08D25CBFC540046C1F1 /* MapViewModel.swift in Sources */ = {isa = PBXBuildFile; fileRef = CE37A08C25CBFC540046C1F1 /* MapViewModel.swift */; };
		CE380A1A25BC4F910028622B /* rectangle.png in Resources */ = {isa = PBXBuildFile; fileRef = CE380A0425BC4F910028622B /* rectangle.png */; };
		CE380A1C25BC4F910028622B /* building.png in Resources */ = {isa = PBXBuildFile; fileRef = CE380A0625BC4F910028622B /* building.png */; };
		CE380A1D25BC4F910028622B /* showMore.png in Resources */ = {isa = PBXBuildFile; fileRef = CE380A0725BC4F910028622B /* showMore.png */; };
		CE380A1E25BC4F910028622B /* marker_pointer.png in Resources */ = {isa = PBXBuildFile; fileRef = CE380A0825BC4F910028622B /* marker_pointer.png */; };
		CE380A2125BC4F910028622B /* ViewExtensions.swift in Sources */ = {isa = PBXBuildFile; fileRef = CE380A0C25BC4F910028622B /* ViewExtensions.swift */; };
		CE380A2325BC4F910028622B /* ImageExtensions.swift in Sources */ = {isa = PBXBuildFile; fileRef = CE380A0E25BC4F910028622B /* ImageExtensions.swift */; };
		CE380A2425BC4F910028622B /* ButtonExtensions.swift in Sources */ = {isa = PBXBuildFile; fileRef = CE380A0F25BC4F910028622B /* ButtonExtensions.swift */; };
		CE380A2525BC4F910028622B /* TextFieldExtensions.swift in Sources */ = {isa = PBXBuildFile; fileRef = CE380A1025BC4F910028622B /* TextFieldExtensions.swift */; };
		CE380A2625BC4F910028622B /* TopBarView.xib in Resources */ = {isa = PBXBuildFile; fileRef = CE380A1325BC4F910028622B /* TopBarView.xib */; };
		CE380A2725BC4F910028622B /* BottomBarView.xib in Resources */ = {isa = PBXBuildFile; fileRef = CE380A1425BC4F910028622B /* BottomBarView.xib */; };
		CE380A2825BC4F910028622B /* BottomBarNavigation.swift in Sources */ = {isa = PBXBuildFile; fileRef = CE380A1525BC4F910028622B /* BottomBarNavigation.swift */; };
		CE380A2925BC4F910028622B /* TopBarNavigation.swift in Sources */ = {isa = PBXBuildFile; fileRef = CE380A1625BC4F910028622B /* TopBarNavigation.swift */; };
		CE380A2A25BC4F910028622B /* Marker.swift in Sources */ = {isa = PBXBuildFile; fileRef = CE380A1725BC4F910028622B /* Marker.swift */; };
		CE380A2B25BC4F910028622B /* NavigationViewController.swift in Sources */ = {isa = PBXBuildFile; fileRef = CE380A1825BC4F910028622B /* NavigationViewController.swift */; };
		CE380A2D25BC6B590028622B /* UniversityCorpsView.xib in Resources */ = {isa = PBXBuildFile; fileRef = CE380A2C25BC6B590028622B /* UniversityCorpsView.xib */; };
		CE380A2F25BC6CF30028622B /* UniversityCorpsView.swift in Sources */ = {isa = PBXBuildFile; fileRef = CE380A2E25BC6CF30028622B /* UniversityCorpsView.swift */; };
		CE380A3125BC70930028622B /* UniversityCorpCellTable.xib in Resources */ = {isa = PBXBuildFile; fileRef = CE380A3025BC70930028622B /* UniversityCorpCellTable.xib */; };
		CE380A3425BC72390028622B /* UniversityCorpCellTable.swift in Sources */ = {isa = PBXBuildFile; fileRef = CE380A3325BC72390028622B /* UniversityCorpCellTable.swift */; };
		CE42A5AC25D41CD800CDDCA5 /* CorpDB.swift in Sources */ = {isa = PBXBuildFile; fileRef = CE42A5AB25D41CD800CDDCA5 /* CorpDB.swift */; };
		CE47D67B26009196009D1CCA /* PersonalCabinetMainPageViewController.storyboard in Resources */ = {isa = PBXBuildFile; fileRef = CE47D67A26009196009D1CCA /* PersonalCabinetMainPageViewController.storyboard */; };
		CE47D67F26009499009D1CCA /* SigninViewModel.swift in Sources */ = {isa = PBXBuildFile; fileRef = CE47D67E26009499009D1CCA /* SigninViewModel.swift */; };
		CE51EE4A260223C300F6FFFB /* PersonalCabinetViewControllerExtensions.swift in Sources */ = {isa = PBXBuildFile; fileRef = CE51EE49260223C300F6FFFB /* PersonalCabinetViewControllerExtensions.swift */; };
		CE5B3DFA25F530F800DC66E9 /* MenuViewController.storyboard in Resources */ = {isa = PBXBuildFile; fileRef = CE5B3DF925F530F800DC66E9 /* MenuViewController.storyboard */; };
		CE5B3DFC25F539C700DC66E9 /* MenuViewController.swift in Sources */ = {isa = PBXBuildFile; fileRef = CE5B3DFB25F539C700DC66E9 /* MenuViewController.swift */; };
		CE68297B2600D5CB008556FA /* PersonalCabinetMainPageViewModel.swift in Sources */ = {isa = PBXBuildFile; fileRef = CE68297A2600D5CB008556FA /* PersonalCabinetMainPageViewModel.swift */; };
		CE7F81B925FA079000A70CCB /* ListTeachers.storyboard in Resources */ = {isa = PBXBuildFile; fileRef = CE7F81B825FA079000A70CCB /* ListTeachers.storyboard */; };
		CE7F81BB25FA07CD00A70CCB /* ListTeachersTableCell.xib in Resources */ = {isa = PBXBuildFile; fileRef = CE7F81BA25FA07CD00A70CCB /* ListTeachersTableCell.xib */; };
		CE7F81BF25FA0C8800A70CCB /* ListTeachersViewController.swift in Sources */ = {isa = PBXBuildFile; fileRef = CE7F81BE25FA0C8800A70CCB /* ListTeachersViewController.swift */; };
		CE7F81C225FA0CC000A70CCB /* ListTeachersTableCell.swift in Sources */ = {isa = PBXBuildFile; fileRef = CE7F81C125FA0CC000A70CCB /* ListTeachersTableCell.swift */; };
		CE7F81C425FA0F5400A70CCB /* ListTeachersViewModel.swift in Sources */ = {isa = PBXBuildFile; fileRef = CE7F81C325FA0F5400A70CCB /* ListTeachersViewModel.swift */; };
		CE7F81C625FA0F8D00A70CCB /* ListTeachersModel.swift in Sources */ = {isa = PBXBuildFile; fileRef = CE7F81C525FA0F8D00A70CCB /* ListTeachersModel.swift */; };
		CE81A73425F0FCA5007358F7 /* SheduleLabelExtensions.swift in Sources */ = {isa = PBXBuildFile; fileRef = CE81A73325F0FCA5007358F7 /* SheduleLabelExtensions.swift */; };
		CE91140525C3FA020096AB29 /* NavigationViewModel.swift in Sources */ = {isa = PBXBuildFile; fileRef = CE91140425C3FA020096AB29 /* NavigationViewModel.swift */; };
		CE91140725C437740096AB29 /* StoreySwitcherView.xib in Resources */ = {isa = PBXBuildFile; fileRef = CE91140625C437740096AB29 /* StoreySwitcherView.xib */; };
		CE91140925C439460096AB29 /* StoreySwitcherView.swift in Sources */ = {isa = PBXBuildFile; fileRef = CE91140825C439460096AB29 /* StoreySwitcherView.swift */; };
		CEA4C9B526033A7900716C07 /* AttestationViewController.storyboard in Resources */ = {isa = PBXBuildFile; fileRef = CEA4C9B426033A7900716C07 /* AttestationViewController.storyboard */; };
		CEA4C9B72603401600716C07 /* AttestationCell.xib in Resources */ = {isa = PBXBuildFile; fileRef = CEA4C9B62603401600716C07 /* AttestationCell.xib */; };
		CEA4C9BA2603403500716C07 /* AttestationViewController.swift in Sources */ = {isa = PBXBuildFile; fileRef = CEA4C9B92603403500716C07 /* AttestationViewController.swift */; };
		CEA4C9BC2603435C00716C07 /* AttestationCellDropdownCell.xib in Resources */ = {isa = PBXBuildFile; fileRef = CEA4C9BB2603435C00716C07 /* AttestationCellDropdownCell.xib */; };
		CEA4C9BE260343F300716C07 /* AttestationCell.swift in Sources */ = {isa = PBXBuildFile; fileRef = CEA4C9BD260343F300716C07 /* AttestationCell.swift */; };
		CEA4C9C02603442200716C07 /* AttestationCellDropdownCell.swift in Sources */ = {isa = PBXBuildFile; fileRef = CEA4C9BF2603442200716C07 /* AttestationCellDropdownCell.swift */; };
		CEA4C9C226034BF800716C07 /* AttestationModel.swift in Sources */ = {isa = PBXBuildFile; fileRef = CEA4C9C126034BF800716C07 /* AttestationModel.swift */; };
		CEACB2D925C7F2F900F4ADD3 /* Map.swift in Sources */ = {isa = PBXBuildFile; fileRef = CEACB2D825C7F2F900F4ADD3 /* Map.swift */; };
		CEC0C8BA25F6222D00760A0A /* MenuTableCell.swift in Sources */ = {isa = PBXBuildFile; fileRef = CEC0C8B925F6222D00760A0A /* MenuTableCell.swift */; };
		CECE8BA125FCB785008D7840 /* SigninViewController.storyboard in Resources */ = {isa = PBXBuildFile; fileRef = CECE8BA025FCB785008D7840 /* SigninViewController.storyboard */; };
		CECE8BA325FCC12D008D7840 /* SigninViewController.swift in Sources */ = {isa = PBXBuildFile; fileRef = CECE8BA225FCC12D008D7840 /* SigninViewController.swift */; };
		CECE8BA625FCD594008D7840 /* PersonalCabinetButtonExtensions.swift in Sources */ = {isa = PBXBuildFile; fileRef = CECE8BA525FCD594008D7840 /* PersonalCabinetButtonExtensions.swift */; };
		CECEB15125FCDCA10015446C /* PersonalCabinetViewExtensions.swift in Sources */ = {isa = PBXBuildFile; fileRef = CECEB15025FCDCA10015446C /* PersonalCabinetViewExtensions.swift */; };
		CED0489725F006D500B7DD65 /* GroupSheduleModel.swift in Sources */ = {isa = PBXBuildFile; fileRef = CED0489625F006D500B7DD65 /* GroupSheduleModel.swift */; };
		CED3903625D5AFFC004409CF /* bstuDB.sqlite3 in Resources */ = {isa = PBXBuildFile; fileRef = CED3903525D5AFFC004409CF /* bstuDB.sqlite3 */; };
		CEE3AFC325D7D5D8007B1814 /* MapRoadDotMapper.swift in Sources */ = {isa = PBXBuildFile; fileRef = CEE3AFC225D7D5D8007B1814 /* MapRoadDotMapper.swift */; };
		CEE3AFC525D7D699007B1814 /* MapMapper.swift in Sources */ = {isa = PBXBuildFile; fileRef = CEE3AFC425D7D699007B1814 /* MapMapper.swift */; };
		CEE5B67625D66A9D0023D640 /* MapDB.swift in Sources */ = {isa = PBXBuildFile; fileRef = CEE5B67525D66A9D0023D640 /* MapDB.swift */; };
		CEE5B67825D66AAB0023D640 /* MapRoadDotDB.swift in Sources */ = {isa = PBXBuildFile; fileRef = CEE5B67725D66AAB0023D640 /* MapRoadDotDB.swift */; };
		CEE5B67A25D66AB70023D640 /* MarkerDB.swift in Sources */ = {isa = PBXBuildFile; fileRef = CEE5B67925D66AB70023D640 /* MarkerDB.swift */; };
		CEE5B67C25D66ACA0023D640 /* PremiseDB.swift in Sources */ = {isa = PBXBuildFile; fileRef = CEE5B67B25D66ACA0023D640 /* PremiseDB.swift */; };
		CEE5B67E25D66AD80023D640 /* TypePremiseDB.swift in Sources */ = {isa = PBXBuildFile; fileRef = CEE5B67D25D66AD80023D640 /* TypePremiseDB.swift */; };
		CEE5B68225D674CB0023D640 /* CorpMapper.swift in Sources */ = {isa = PBXBuildFile; fileRef = CEE5B68125D674CB0023D640 /* CorpMapper.swift */; };
		CEE5B68625D67AEC0023D640 /* Database.swift in Sources */ = {isa = PBXBuildFile; fileRef = CEE5B68525D67AEC0023D640 /* Database.swift */; };
		CEE9D49725FFA74700D20C1A /* PersonalCabinetMainPageViewController.swift in Sources */ = {isa = PBXBuildFile; fileRef = CEE9D49625FFA74600D20C1A /* PersonalCabinetMainPageViewController.swift */; };
/* End PBXBuildFile section */

/* Begin PBXFileReference section */
		6D108528D00D09DA3E838396 /* Pods-BSTU App.release.xcconfig */ = {isa = PBXFileReference; includeInIndex = 1; lastKnownFileType = text.xcconfig; name = "Pods-BSTU App.release.xcconfig"; path = "Target Support Files/Pods-BSTU App/Pods-BSTU App.release.xcconfig"; sourceTree = "<group>"; };
		ABF099B5FE0345803994AC74 /* Pods-BSTU App.debug.xcconfig */ = {isa = PBXFileReference; includeInIndex = 1; lastKnownFileType = text.xcconfig; name = "Pods-BSTU App.debug.xcconfig"; path = "Target Support Files/Pods-BSTU App/Pods-BSTU App.debug.xcconfig"; sourceTree = "<group>"; };
		CE009EEA25D6A20D00CA8604 /* UniversityCorpsViewModel.swift */ = {isa = PBXFileReference; lastKnownFileType = sourcecode.swift; path = UniversityCorpsViewModel.swift; sourceTree = "<group>"; };
		CE009EEC25D6AC8B00CA8604 /* MarkerMapper.swift */ = {isa = PBXFileReference; lastKnownFileType = sourcecode.swift; path = MarkerMapper.swift; sourceTree = "<group>"; };
		CE009EEE25D6B35D00CA8604 /* PremiseMapper.swift */ = {isa = PBXFileReference; lastKnownFileType = sourcecode.swift; path = PremiseMapper.swift; sourceTree = "<group>"; };
		CE009EF025D6C18000CA8604 /* admin_bstuDB.sqlite3 */ = {isa = PBXFileReference; lastKnownFileType = file; name = admin_bstuDB.sqlite3; path = DatabaseManagement/admin_bstuDB.sqlite3; sourceTree = "<group>"; };
		CE009EF225D6F88B00CA8604 /* TypePremiseMapper.swift */ = {isa = PBXFileReference; lastKnownFileType = sourcecode.swift; path = TypePremiseMapper.swift; sourceTree = "<group>"; };
		CE01CC9925C29E59001388B9 /* SearchPremiseView.xib */ = {isa = PBXFileReference; lastKnownFileType = file.xib; path = SearchPremiseView.xib; sourceTree = "<group>"; };
		CE01CC9B25C29F75001388B9 /* SearchPremiseCellTable.xib */ = {isa = PBXFileReference; lastKnownFileType = file.xib; path = SearchPremiseCellTable.xib; sourceTree = "<group>"; };
		CE01CC9E25C2A496001388B9 /* SearchPremiseView.swift */ = {isa = PBXFileReference; lastKnownFileType = sourcecode.swift; path = SearchPremiseView.swift; sourceTree = "<group>"; };
		CE01CCA025C2A4BB001388B9 /* SearchPremiseCellTable.swift */ = {isa = PBXFileReference; lastKnownFileType = sourcecode.swift; path = SearchPremiseCellTable.swift; sourceTree = "<group>"; };
		CE037E6225BC425700C50C16 /* BSTU App.app */ = {isa = PBXFileReference; explicitFileType = wrapper.application; includeInIndex = 0; path = "BSTU App.app"; sourceTree = BUILT_PRODUCTS_DIR; };
		CE037E6525BC425700C50C16 /* AppDelegate.swift */ = {isa = PBXFileReference; lastKnownFileType = sourcecode.swift; path = AppDelegate.swift; sourceTree = "<group>"; };
		CE037E6925BC425700C50C16 /* RootViewController.swift */ = {isa = PBXFileReference; lastKnownFileType = sourcecode.swift; path = RootViewController.swift; sourceTree = "<group>"; };
		CE037E6E25BC425E00C50C16 /* Assets.xcassets */ = {isa = PBXFileReference; lastKnownFileType = folder.assetcatalog; path = Assets.xcassets; sourceTree = "<group>"; };
		CE037E7125BC425E00C50C16 /* Base */ = {isa = PBXFileReference; lastKnownFileType = file.storyboard; name = Base; path = Base.lproj/LaunchScreen.storyboard; sourceTree = "<group>"; };
		CE037E7325BC425E00C50C16 /* Info.plist */ = {isa = PBXFileReference; lastKnownFileType = text.plist.xml; path = Info.plist; sourceTree = "<group>"; };
		CE04A3B625EF9B9600BE073D /* InstitutionsScreen.storyboard */ = {isa = PBXFileReference; fileEncoding = 4; lastKnownFileType = file.storyboard; path = InstitutionsScreen.storyboard; sourceTree = "<group>"; };
		CE04A3B725EF9B9600BE073D /* InstitutionsViewController.swift */ = {isa = PBXFileReference; fileEncoding = 4; lastKnownFileType = sourcecode.swift; path = InstitutionsViewController.swift; sourceTree = "<group>"; };
		CE04A3B825EF9B9600BE073D /* InstitutionModel.swift */ = {isa = PBXFileReference; fileEncoding = 4; lastKnownFileType = sourcecode.swift; path = InstitutionModel.swift; sourceTree = "<group>"; };
		CE04A3BB25EF9B9600BE073D /* InstitutionsTableCell.swift */ = {isa = PBXFileReference; fileEncoding = 4; lastKnownFileType = sourcecode.swift; path = InstitutionsTableCell.swift; sourceTree = "<group>"; };
		CE04A3BC25EF9B9600BE073D /* InstitutionsViewModel.swift */ = {isa = PBXFileReference; fileEncoding = 4; lastKnownFileType = sourcecode.swift; path = InstitutionsViewModel.swift; sourceTree = "<group>"; };
		CE04A3BE25EF9B9600BE073D /* emptyExam.png */ = {isa = PBXFileReference; lastKnownFileType = image.png; path = emptyExam.png; sourceTree = "<group>"; };
		CE04A3BF25EF9B9600BE073D /* someImage.jpg */ = {isa = PBXFileReference; lastKnownFileType = image.jpeg; path = someImage.jpg; sourceTree = "<group>"; };
		CE04A3C025EF9B9600BE073D /* books.png */ = {isa = PBXFileReference; lastKnownFileType = image.png; path = books.png; sourceTree = "<group>"; };
		CE04A3C125EF9B9600BE073D /* leftArrow.png */ = {isa = PBXFileReference; lastKnownFileType = image.png; path = leftArrow.png; sourceTree = "<group>"; };
		CE04A3C225EF9B9600BE073D /* menu.png */ = {isa = PBXFileReference; lastKnownFileType = image.png; path = menu.png; sourceTree = "<group>"; };
		CE04A3C325EF9B9600BE073D /* dropdown.png */ = {isa = PBXFileReference; lastKnownFileType = image.png; path = dropdown.png; sourceTree = "<group>"; };
		CE04A3C425EF9B9600BE073D /* dropup.png */ = {isa = PBXFileReference; lastKnownFileType = image.png; path = dropup.png; sourceTree = "<group>"; };
		CE04A3C525EF9B9600BE073D /* okSelection.png */ = {isa = PBXFileReference; lastKnownFileType = image.png; path = okSelection.png; sourceTree = "<group>"; };
		CE04A3C625EF9B9600BE073D /* delete.png */ = {isa = PBXFileReference; lastKnownFileType = image.png; path = delete.png; sourceTree = "<group>"; };
		CE04A3C725EF9B9600BE073D /* exam.png */ = {isa = PBXFileReference; lastKnownFileType = image.png; path = exam.png; sourceTree = "<group>"; };
		CE04A3CA25EF9B9600BE073D /* GroupsScreen.storyboard */ = {isa = PBXFileReference; fileEncoding = 4; lastKnownFileType = file.storyboard; path = GroupsScreen.storyboard; sourceTree = "<group>"; };
		CE04A3CB25EF9B9600BE073D /* GroupsModel.swift */ = {isa = PBXFileReference; fileEncoding = 4; lastKnownFileType = sourcecode.swift; path = GroupsModel.swift; sourceTree = "<group>"; };
		CE04A3CC25EF9B9600BE073D /* GroupsViewModel.swift */ = {isa = PBXFileReference; fileEncoding = 4; lastKnownFileType = sourcecode.swift; path = GroupsViewModel.swift; sourceTree = "<group>"; };
		CE04A3CD25EF9B9600BE073D /* GroupsViewController.swift */ = {isa = PBXFileReference; fileEncoding = 4; lastKnownFileType = sourcecode.swift; path = GroupsViewController.swift; sourceTree = "<group>"; };
		CE04A3CF25EF9B9600BE073D /* GroupsViewCell.swift */ = {isa = PBXFileReference; fileEncoding = 4; lastKnownFileType = sourcecode.swift; path = GroupsViewCell.swift; sourceTree = "<group>"; };
		CE04A3D125EF9B9600BE073D /* SheduleColorExtensions.swift */ = {isa = PBXFileReference; fileEncoding = 4; lastKnownFileType = sourcecode.swift; path = SheduleColorExtensions.swift; sourceTree = "<group>"; };
		CE04A3D225EF9B9600BE073D /* SheduleViewExtensions.swift */ = {isa = PBXFileReference; fileEncoding = 4; lastKnownFileType = sourcecode.swift; path = SheduleViewExtensions.swift; sourceTree = "<group>"; };
		CE04A3D325EF9B9600BE073D /* SheduleImageExtensions.swift */ = {isa = PBXFileReference; fileEncoding = 4; lastKnownFileType = sourcecode.swift; path = SheduleImageExtensions.swift; sourceTree = "<group>"; };
		CE04A3D625EF9B9600BE073D /* GroupSheduleViewController.storyboard */ = {isa = PBXFileReference; fileEncoding = 4; lastKnownFileType = file.storyboard; path = GroupSheduleViewController.storyboard; sourceTree = "<group>"; };
		CE04A3D725EF9B9700BE073D /* GroupSheduleCard.xib */ = {isa = PBXFileReference; fileEncoding = 4; lastKnownFileType = file.xib; path = GroupSheduleCard.xib; sourceTree = "<group>"; };
		CE04A3D825EF9B9700BE073D /* EmptySheduleView.xib */ = {isa = PBXFileReference; fileEncoding = 4; lastKnownFileType = file.xib; path = EmptySheduleView.xib; sourceTree = "<group>"; };
		CE04A3D925EF9B9700BE073D /* GroupSheduleViewController.swift */ = {isa = PBXFileReference; fileEncoding = 4; lastKnownFileType = sourcecode.swift; path = GroupSheduleViewController.swift; sourceTree = "<group>"; };
		CE04A3DC25EF9B9700BE073D /* GroupSheduleCard.swift */ = {isa = PBXFileReference; fileEncoding = 4; lastKnownFileType = sourcecode.swift; path = GroupSheduleCard.swift; sourceTree = "<group>"; };
		CE04A3DD25EF9B9700BE073D /* DateSegmentedControl.swift */ = {isa = PBXFileReference; fileEncoding = 4; lastKnownFileType = sourcecode.swift; path = DateSegmentedControl.swift; sourceTree = "<group>"; };
		CE04A3DE25EF9B9700BE073D /* EmptySheduleView.swift */ = {isa = PBXFileReference; fileEncoding = 4; lastKnownFileType = sourcecode.swift; path = EmptySheduleView.swift; sourceTree = "<group>"; };
		CE04A3DF25EF9B9700BE073D /* TypeWeekCell.swift */ = {isa = PBXFileReference; fileEncoding = 4; lastKnownFileType = sourcecode.swift; path = TypeWeekCell.swift; sourceTree = "<group>"; };
		CE04A3E025EF9B9700BE073D /* GroupSheduleViewModel.swift */ = {isa = PBXFileReference; fileEncoding = 4; lastKnownFileType = sourcecode.swift; path = GroupSheduleViewModel.swift; sourceTree = "<group>"; };
		CE16978525C064F10040AE95 /* LabelExtensions.swift */ = {isa = PBXFileReference; lastKnownFileType = sourcecode.swift; path = LabelExtensions.swift; sourceTree = "<group>"; };
		CE16978725C151710040AE95 /* ColorExtensions.swift */ = {isa = PBXFileReference; lastKnownFileType = sourcecode.swift; path = ColorExtensions.swift; sourceTree = "<group>"; };
		CE2B98292601F3380008A2E1 /* PersonalCabinetChapterCard.xib */ = {isa = PBXFileReference; lastKnownFileType = file.xib; path = PersonalCabinetChapterCard.xib; sourceTree = "<group>"; };
		CE2B982C2601FB1D0008A2E1 /* PersonalCabinetChapterCard.swift */ = {isa = PBXFileReference; lastKnownFileType = sourcecode.swift; path = PersonalCabinetChapterCard.swift; sourceTree = "<group>"; };
		CE37A08C25CBFC540046C1F1 /* MapViewModel.swift */ = {isa = PBXFileReference; lastKnownFileType = sourcecode.swift; path = MapViewModel.swift; sourceTree = "<group>"; };
		CE380A0425BC4F910028622B /* rectangle.png */ = {isa = PBXFileReference; lastKnownFileType = image.png; path = rectangle.png; sourceTree = "<group>"; };
		CE380A0625BC4F910028622B /* building.png */ = {isa = PBXFileReference; lastKnownFileType = image.png; path = building.png; sourceTree = "<group>"; };
		CE380A0725BC4F910028622B /* showMore.png */ = {isa = PBXFileReference; lastKnownFileType = image.png; path = showMore.png; sourceTree = "<group>"; };
		CE380A0825BC4F910028622B /* marker_pointer.png */ = {isa = PBXFileReference; lastKnownFileType = image.png; path = marker_pointer.png; sourceTree = "<group>"; };
		CE380A0C25BC4F910028622B /* ViewExtensions.swift */ = {isa = PBXFileReference; fileEncoding = 4; lastKnownFileType = sourcecode.swift; path = ViewExtensions.swift; sourceTree = "<group>"; };
		CE380A0E25BC4F910028622B /* ImageExtensions.swift */ = {isa = PBXFileReference; fileEncoding = 4; lastKnownFileType = sourcecode.swift; path = ImageExtensions.swift; sourceTree = "<group>"; };
		CE380A0F25BC4F910028622B /* ButtonExtensions.swift */ = {isa = PBXFileReference; fileEncoding = 4; lastKnownFileType = sourcecode.swift; path = ButtonExtensions.swift; sourceTree = "<group>"; };
		CE380A1025BC4F910028622B /* TextFieldExtensions.swift */ = {isa = PBXFileReference; fileEncoding = 4; lastKnownFileType = sourcecode.swift; path = TextFieldExtensions.swift; sourceTree = "<group>"; };
		CE380A1325BC4F910028622B /* TopBarView.xib */ = {isa = PBXFileReference; fileEncoding = 4; lastKnownFileType = file.xib; path = TopBarView.xib; sourceTree = "<group>"; };
		CE380A1425BC4F910028622B /* BottomBarView.xib */ = {isa = PBXFileReference; fileEncoding = 4; lastKnownFileType = file.xib; path = BottomBarView.xib; sourceTree = "<group>"; };
		CE380A1525BC4F910028622B /* BottomBarNavigation.swift */ = {isa = PBXFileReference; fileEncoding = 4; lastKnownFileType = sourcecode.swift; path = BottomBarNavigation.swift; sourceTree = "<group>"; };
		CE380A1625BC4F910028622B /* TopBarNavigation.swift */ = {isa = PBXFileReference; fileEncoding = 4; lastKnownFileType = sourcecode.swift; path = TopBarNavigation.swift; sourceTree = "<group>"; };
		CE380A1725BC4F910028622B /* Marker.swift */ = {isa = PBXFileReference; fileEncoding = 4; lastKnownFileType = sourcecode.swift; path = Marker.swift; sourceTree = "<group>"; };
		CE380A1825BC4F910028622B /* NavigationViewController.swift */ = {isa = PBXFileReference; fileEncoding = 4; lastKnownFileType = sourcecode.swift; path = NavigationViewController.swift; sourceTree = "<group>"; };
		CE380A2C25BC6B590028622B /* UniversityCorpsView.xib */ = {isa = PBXFileReference; lastKnownFileType = file.xib; path = UniversityCorpsView.xib; sourceTree = "<group>"; };
		CE380A2E25BC6CF30028622B /* UniversityCorpsView.swift */ = {isa = PBXFileReference; lastKnownFileType = sourcecode.swift; path = UniversityCorpsView.swift; sourceTree = "<group>"; };
		CE380A3025BC70930028622B /* UniversityCorpCellTable.xib */ = {isa = PBXFileReference; lastKnownFileType = file.xib; path = UniversityCorpCellTable.xib; sourceTree = "<group>"; };
		CE380A3325BC72390028622B /* UniversityCorpCellTable.swift */ = {isa = PBXFileReference; lastKnownFileType = sourcecode.swift; path = UniversityCorpCellTable.swift; sourceTree = "<group>"; };
		CE42A5AB25D41CD800CDDCA5 /* CorpDB.swift */ = {isa = PBXFileReference; lastKnownFileType = sourcecode.swift; path = CorpDB.swift; sourceTree = "<group>"; };
		CE47D67A26009196009D1CCA /* PersonalCabinetMainPageViewController.storyboard */ = {isa = PBXFileReference; lastKnownFileType = file.storyboard; path = PersonalCabinetMainPageViewController.storyboard; sourceTree = "<group>"; };
		CE47D67E26009499009D1CCA /* SigninViewModel.swift */ = {isa = PBXFileReference; lastKnownFileType = sourcecode.swift; path = SigninViewModel.swift; sourceTree = "<group>"; };
		CE51EE49260223C300F6FFFB /* PersonalCabinetViewControllerExtensions.swift */ = {isa = PBXFileReference; lastKnownFileType = sourcecode.swift; path = PersonalCabinetViewControllerExtensions.swift; sourceTree = "<group>"; };
		CE5B3DF925F530F800DC66E9 /* MenuViewController.storyboard */ = {isa = PBXFileReference; lastKnownFileType = file.storyboard; path = MenuViewController.storyboard; sourceTree = "<group>"; };
		CE5B3DFB25F539C700DC66E9 /* MenuViewController.swift */ = {isa = PBXFileReference; lastKnownFileType = sourcecode.swift; path = MenuViewController.swift; sourceTree = "<group>"; };
		CE68297A2600D5CB008556FA /* PersonalCabinetMainPageViewModel.swift */ = {isa = PBXFileReference; lastKnownFileType = sourcecode.swift; path = PersonalCabinetMainPageViewModel.swift; sourceTree = "<group>"; };
		CE7F81B825FA079000A70CCB /* ListTeachers.storyboard */ = {isa = PBXFileReference; lastKnownFileType = file.storyboard; path = ListTeachers.storyboard; sourceTree = "<group>"; };
		CE7F81BA25FA07CD00A70CCB /* ListTeachersTableCell.xib */ = {isa = PBXFileReference; lastKnownFileType = file.xib; path = ListTeachersTableCell.xib; sourceTree = "<group>"; };
		CE7F81BE25FA0C8800A70CCB /* ListTeachersViewController.swift */ = {isa = PBXFileReference; lastKnownFileType = sourcecode.swift; path = ListTeachersViewController.swift; sourceTree = "<group>"; };
		CE7F81C125FA0CC000A70CCB /* ListTeachersTableCell.swift */ = {isa = PBXFileReference; lastKnownFileType = sourcecode.swift; path = ListTeachersTableCell.swift; sourceTree = "<group>"; };
		CE7F81C325FA0F5400A70CCB /* ListTeachersViewModel.swift */ = {isa = PBXFileReference; lastKnownFileType = sourcecode.swift; path = ListTeachersViewModel.swift; sourceTree = "<group>"; };
		CE7F81C525FA0F8D00A70CCB /* ListTeachersModel.swift */ = {isa = PBXFileReference; lastKnownFileType = sourcecode.swift; path = ListTeachersModel.swift; sourceTree = "<group>"; };
		CE81A73325F0FCA5007358F7 /* SheduleLabelExtensions.swift */ = {isa = PBXFileReference; lastKnownFileType = sourcecode.swift; path = SheduleLabelExtensions.swift; sourceTree = "<group>"; };
		CE91140425C3FA020096AB29 /* NavigationViewModel.swift */ = {isa = PBXFileReference; lastKnownFileType = sourcecode.swift; path = NavigationViewModel.swift; sourceTree = "<group>"; };
		CE91140625C437740096AB29 /* StoreySwitcherView.xib */ = {isa = PBXFileReference; lastKnownFileType = file.xib; path = StoreySwitcherView.xib; sourceTree = "<group>"; };
		CE91140825C439460096AB29 /* StoreySwitcherView.swift */ = {isa = PBXFileReference; lastKnownFileType = sourcecode.swift; path = StoreySwitcherView.swift; sourceTree = "<group>"; };
		CEA4C9B426033A7900716C07 /* AttestationViewController.storyboard */ = {isa = PBXFileReference; fileEncoding = 4; lastKnownFileType = file.storyboard; path = AttestationViewController.storyboard; sourceTree = "<group>"; };
		CEA4C9B62603401600716C07 /* AttestationCell.xib */ = {isa = PBXFileReference; lastKnownFileType = file.xib; path = AttestationCell.xib; sourceTree = "<group>"; };
		CEA4C9B92603403500716C07 /* AttestationViewController.swift */ = {isa = PBXFileReference; lastKnownFileType = sourcecode.swift; path = AttestationViewController.swift; sourceTree = "<group>"; };
		CEA4C9BB2603435C00716C07 /* AttestationCellDropdownCell.xib */ = {isa = PBXFileReference; lastKnownFileType = file.xib; path = AttestationCellDropdownCell.xib; sourceTree = "<group>"; };
		CEA4C9BD260343F300716C07 /* AttestationCell.swift */ = {isa = PBXFileReference; lastKnownFileType = sourcecode.swift; path = AttestationCell.swift; sourceTree = "<group>"; };
		CEA4C9BF2603442200716C07 /* AttestationCellDropdownCell.swift */ = {isa = PBXFileReference; lastKnownFileType = sourcecode.swift; path = AttestationCellDropdownCell.swift; sourceTree = "<group>"; };
		CEA4C9C126034BF800716C07 /* AttestationModel.swift */ = {isa = PBXFileReference; lastKnownFileType = sourcecode.swift; path = AttestationModel.swift; sourceTree = "<group>"; };
		CEACB2D825C7F2F900F4ADD3 /* Map.swift */ = {isa = PBXFileReference; lastKnownFileType = sourcecode.swift; path = Map.swift; sourceTree = "<group>"; };
		CEC0C8B925F6222D00760A0A /* MenuTableCell.swift */ = {isa = PBXFileReference; lastKnownFileType = sourcecode.swift; path = MenuTableCell.swift; sourceTree = "<group>"; };
		CECE8BA025FCB785008D7840 /* SigninViewController.storyboard */ = {isa = PBXFileReference; lastKnownFileType = file.storyboard; path = SigninViewController.storyboard; sourceTree = "<group>"; };
		CECE8BA225FCC12D008D7840 /* SigninViewController.swift */ = {isa = PBXFileReference; lastKnownFileType = sourcecode.swift; path = SigninViewController.swift; sourceTree = "<group>"; };
		CECE8BA525FCD594008D7840 /* PersonalCabinetButtonExtensions.swift */ = {isa = PBXFileReference; lastKnownFileType = sourcecode.swift; path = PersonalCabinetButtonExtensions.swift; sourceTree = "<group>"; };
		CECEB15025FCDCA10015446C /* PersonalCabinetViewExtensions.swift */ = {isa = PBXFileReference; lastKnownFileType = sourcecode.swift; path = PersonalCabinetViewExtensions.swift; sourceTree = "<group>"; };
		CED0489625F006D500B7DD65 /* GroupSheduleModel.swift */ = {isa = PBXFileReference; lastKnownFileType = sourcecode.swift; path = GroupSheduleModel.swift; sourceTree = "<group>"; };
		CED3903525D5AFFC004409CF /* bstuDB.sqlite3 */ = {isa = PBXFileReference; lastKnownFileType = file; path = bstuDB.sqlite3; sourceTree = "<group>"; };
		CEE3AFC225D7D5D8007B1814 /* MapRoadDotMapper.swift */ = {isa = PBXFileReference; lastKnownFileType = sourcecode.swift; path = MapRoadDotMapper.swift; sourceTree = "<group>"; };
		CEE3AFC425D7D699007B1814 /* MapMapper.swift */ = {isa = PBXFileReference; lastKnownFileType = sourcecode.swift; path = MapMapper.swift; sourceTree = "<group>"; };
		CEE5B67525D66A9D0023D640 /* MapDB.swift */ = {isa = PBXFileReference; lastKnownFileType = sourcecode.swift; path = MapDB.swift; sourceTree = "<group>"; };
		CEE5B67725D66AAB0023D640 /* MapRoadDotDB.swift */ = {isa = PBXFileReference; lastKnownFileType = sourcecode.swift; path = MapRoadDotDB.swift; sourceTree = "<group>"; };
		CEE5B67925D66AB70023D640 /* MarkerDB.swift */ = {isa = PBXFileReference; lastKnownFileType = sourcecode.swift; path = MarkerDB.swift; sourceTree = "<group>"; };
		CEE5B67B25D66ACA0023D640 /* PremiseDB.swift */ = {isa = PBXFileReference; lastKnownFileType = sourcecode.swift; path = PremiseDB.swift; sourceTree = "<group>"; };
		CEE5B67D25D66AD80023D640 /* TypePremiseDB.swift */ = {isa = PBXFileReference; lastKnownFileType = sourcecode.swift; path = TypePremiseDB.swift; sourceTree = "<group>"; };
		CEE5B68125D674CB0023D640 /* CorpMapper.swift */ = {isa = PBXFileReference; lastKnownFileType = sourcecode.swift; path = CorpMapper.swift; sourceTree = "<group>"; };
		CEE5B68525D67AEC0023D640 /* Database.swift */ = {isa = PBXFileReference; lastKnownFileType = sourcecode.swift; path = Database.swift; sourceTree = "<group>"; };
		CEE9D49625FFA74600D20C1A /* PersonalCabinetMainPageViewController.swift */ = {isa = PBXFileReference; lastKnownFileType = sourcecode.swift; path = PersonalCabinetMainPageViewController.swift; sourceTree = "<group>"; };
		F96B8A8E8421A5DF88E0A7CF /* Pods_BSTU_App.framework */ = {isa = PBXFileReference; explicitFileType = wrapper.framework; includeInIndex = 0; path = Pods_BSTU_App.framework; sourceTree = BUILT_PRODUCTS_DIR; };
/* End PBXFileReference section */

/* Begin PBXFrameworksBuildPhase section */
		CE037E5F25BC425700C50C16 /* Frameworks */ = {
			isa = PBXFrameworksBuildPhase;
			buildActionMask = 2147483647;
			files = (
				149150BE2D4CA194A93C0868 /* Pods_BSTU_App.framework in Frameworks */,
			);
			runOnlyForDeploymentPostprocessing = 0;
		};
/* End PBXFrameworksBuildPhase section */

/* Begin PBXGroup section */
		12DE6CC9B47DEE76BACDE641 /* Pods */ = {
			isa = PBXGroup;
			children = (
				ABF099B5FE0345803994AC74 /* Pods-BSTU App.debug.xcconfig */,
				6D108528D00D09DA3E838396 /* Pods-BSTU App.release.xcconfig */,
			);
			path = Pods;
			sourceTree = "<group>";
		};
		A214570EA37C4166CABF5515 /* Frameworks */ = {
			isa = PBXGroup;
			children = (
				F96B8A8E8421A5DF88E0A7CF /* Pods_BSTU_App.framework */,
			);
			name = Frameworks;
			sourceTree = "<group>";
		};
		CE01CC9D25C2A457001388B9 /* SearchPremise */ = {
			isa = PBXGroup;
			children = (
				CE01CC9E25C2A496001388B9 /* SearchPremiseView.swift */,
				CE01CCA025C2A4BB001388B9 /* SearchPremiseCellTable.swift */,
			);
			path = SearchPremise;
			sourceTree = "<group>";
		};
		CE037E5925BC425700C50C16 = {
			isa = PBXGroup;
			children = (
				CE037E6425BC425700C50C16 /* BSTU App */,
				CE037E6325BC425700C50C16 /* Products */,
				12DE6CC9B47DEE76BACDE641 /* Pods */,
				A214570EA37C4166CABF5515 /* Frameworks */,
			);
			sourceTree = "<group>";
		};
		CE037E6325BC425700C50C16 /* Products */ = {
			isa = PBXGroup;
			children = (
				CE037E6225BC425700C50C16 /* BSTU App.app */,
			);
			name = Products;
			sourceTree = "<group>";
		};
		CE037E6425BC425700C50C16 /* BSTU App */ = {
			isa = PBXGroup;
			children = (
				CE3B2B8625F67DC000DF7CC1 /* RootController */,
				CE5B3DFD25F539CD00DC66E9 /* Menu */,
				CE9E00CD25D3FFDB00CF13C0 /* Database */,
				CE04A3B325EF9B9600BE073D /* Shedule */,
				CE7F81B525FA071A00A70CCB /* Teachers */,
				CE380A0025BC4F070028622B /* Navigation */,
				CECE8B9E25FCB6E1008D7840 /* PersonalCabinet */,
				CE037E6525BC425700C50C16 /* AppDelegate.swift */,
				CE037E6E25BC425E00C50C16 /* Assets.xcassets */,
				CE037E7025BC425E00C50C16 /* LaunchScreen.storyboard */,
				CE037E7325BC425E00C50C16 /* Info.plist */,
			);
			path = "BSTU App";
			sourceTree = "<group>";
		};
		CE04A3B325EF9B9600BE073D /* Shedule */ = {
			isa = PBXGroup;
			children = (
				CE04A3D025EF9B9600BE073D /* Extensions */,
				CE04A3BD25EF9B9600BE073D /* images */,
				CE04A3B425EF9B9600BE073D /* Institutions */,
				CE04A3C825EF9B9600BE073D /* Groups */,
				CE04A3D425EF9B9600BE073D /* GroupShedule */,
			);
			path = Shedule;
			sourceTree = "<group>";
		};
		CE04A3B425EF9B9600BE073D /* Institutions */ = {
			isa = PBXGroup;
			children = (
				CE04A3B525EF9B9600BE073D /* Storyboards */,
				CE04A3B725EF9B9600BE073D /* InstitutionsViewController.swift */,
				CE04A3B825EF9B9600BE073D /* InstitutionModel.swift */,
				CE04A3B925EF9B9600BE073D /* images */,
				CE04A3BA25EF9B9600BE073D /* Views */,
				CE04A3BC25EF9B9600BE073D /* InstitutionsViewModel.swift */,
			);
			path = Institutions;
			sourceTree = "<group>";
		};
		CE04A3B525EF9B9600BE073D /* Storyboards */ = {
			isa = PBXGroup;
			children = (
				CE04A3B625EF9B9600BE073D /* InstitutionsScreen.storyboard */,
			);
			path = Storyboards;
			sourceTree = "<group>";
		};
		CE04A3B925EF9B9600BE073D /* images */ = {
			isa = PBXGroup;
			children = (
			);
			path = images;
			sourceTree = "<group>";
		};
		CE04A3BA25EF9B9600BE073D /* Views */ = {
			isa = PBXGroup;
			children = (
				CE04A3BB25EF9B9600BE073D /* InstitutionsTableCell.swift */,
			);
			path = Views;
			sourceTree = "<group>";
		};
		CE04A3BD25EF9B9600BE073D /* images */ = {
			isa = PBXGroup;
			children = (
				CE04A3BE25EF9B9600BE073D /* emptyExam.png */,
				CE04A3BF25EF9B9600BE073D /* someImage.jpg */,
				CE04A3C025EF9B9600BE073D /* books.png */,
				CE04A3C125EF9B9600BE073D /* leftArrow.png */,
				CE04A3C225EF9B9600BE073D /* menu.png */,
				CE04A3C325EF9B9600BE073D /* dropdown.png */,
				CE04A3C425EF9B9600BE073D /* dropup.png */,
				CE04A3C525EF9B9600BE073D /* okSelection.png */,
				CE04A3C625EF9B9600BE073D /* delete.png */,
				CE04A3C725EF9B9600BE073D /* exam.png */,
			);
			path = images;
			sourceTree = "<group>";
		};
		CE04A3C825EF9B9600BE073D /* Groups */ = {
			isa = PBXGroup;
			children = (
				CE04A3C925EF9B9600BE073D /* Storyboards */,
				CE04A3CB25EF9B9600BE073D /* GroupsModel.swift */,
				CE04A3CC25EF9B9600BE073D /* GroupsViewModel.swift */,
				CE04A3CD25EF9B9600BE073D /* GroupsViewController.swift */,
				CE04A3CE25EF9B9600BE073D /* Views */,
			);
			path = Groups;
			sourceTree = "<group>";
		};
		CE04A3C925EF9B9600BE073D /* Storyboards */ = {
			isa = PBXGroup;
			children = (
				CE04A3CA25EF9B9600BE073D /* GroupsScreen.storyboard */,
			);
			path = Storyboards;
			sourceTree = "<group>";
		};
		CE04A3CE25EF9B9600BE073D /* Views */ = {
			isa = PBXGroup;
			children = (
				CE04A3CF25EF9B9600BE073D /* GroupsViewCell.swift */,
			);
			path = Views;
			sourceTree = "<group>";
		};
		CE04A3D025EF9B9600BE073D /* Extensions */ = {
			isa = PBXGroup;
			children = (
				CE04A3D125EF9B9600BE073D /* SheduleColorExtensions.swift */,
				CE04A3D225EF9B9600BE073D /* SheduleViewExtensions.swift */,
				CE04A3D325EF9B9600BE073D /* SheduleImageExtensions.swift */,
				CE81A73325F0FCA5007358F7 /* SheduleLabelExtensions.swift */,
			);
			path = Extensions;
			sourceTree = "<group>";
		};
		CE04A3D425EF9B9600BE073D /* GroupShedule */ = {
			isa = PBXGroup;
			children = (
				CE04A3D525EF9B9600BE073D /* Storyboards */,
				CE04A3DB25EF9B9700BE073D /* Views */,
				CE04A3D925EF9B9700BE073D /* GroupSheduleViewController.swift */,
				CE04A3E025EF9B9700BE073D /* GroupSheduleViewModel.swift */,
				CED0489625F006D500B7DD65 /* GroupSheduleModel.swift */,
			);
			path = GroupShedule;
			sourceTree = "<group>";
		};
		CE04A3D525EF9B9600BE073D /* Storyboards */ = {
			isa = PBXGroup;
			children = (
				CE04A3D625EF9B9600BE073D /* GroupSheduleViewController.storyboard */,
				CE04A3D725EF9B9700BE073D /* GroupSheduleCard.xib */,
				CE04A3D825EF9B9700BE073D /* EmptySheduleView.xib */,
			);
			path = Storyboards;
			sourceTree = "<group>";
		};
		CE04A3DB25EF9B9700BE073D /* Views */ = {
			isa = PBXGroup;
			children = (
				CE04A3DC25EF9B9700BE073D /* GroupSheduleCard.swift */,
				CE04A3DD25EF9B9700BE073D /* DateSegmentedControl.swift */,
				CE04A3DE25EF9B9700BE073D /* EmptySheduleView.swift */,
				CE04A3DF25EF9B9700BE073D /* TypeWeekCell.swift */,
			);
			path = Views;
			sourceTree = "<group>";
		};
		CE2B982B2601FB010008A2E1 /* Views */ = {
			isa = PBXGroup;
			children = (
				CE2B982C2601FB1D0008A2E1 /* PersonalCabinetChapterCard.swift */,
			);
			path = Views;
			sourceTree = "<group>";
		};
		CE380A0025BC4F070028622B /* Navigation */ = {
			isa = PBXGroup;
			children = (
				CE380A0B25BC4F910028622B /* Extensions */,
				CE380A0225BC4F910028622B /* Images */,
				CE42A5AA25D41CB900CDDCA5 /* Models */,
				CE5A9D6025CD3B2E000AE913 /* ViewModels */,
				CE380A1125BC4F910028622B /* Views */,
				CE380A1825BC4F910028622B /* NavigationViewController.swift */,
			);
			path = Navigation;
			sourceTree = "<group>";
		};
		CE380A0225BC4F910028622B /* Images */ = {
			isa = PBXGroup;
			children = (
				CE380A0425BC4F910028622B /* rectangle.png */,
				CE380A0625BC4F910028622B /* building.png */,
				CE380A0725BC4F910028622B /* showMore.png */,
				CE380A0825BC4F910028622B /* marker_pointer.png */,
			);
			path = Images;
			sourceTree = "<group>";
		};
		CE380A0B25BC4F910028622B /* Extensions */ = {
			isa = PBXGroup;
			children = (
				CE380A0C25BC4F910028622B /* ViewExtensions.swift */,
				CE380A0E25BC4F910028622B /* ImageExtensions.swift */,
				CE380A0F25BC4F910028622B /* ButtonExtensions.swift */,
				CE380A1025BC4F910028622B /* TextFieldExtensions.swift */,
				CE16978525C064F10040AE95 /* LabelExtensions.swift */,
				CE16978725C151710040AE95 /* ColorExtensions.swift */,
			);
			path = Extensions;
			sourceTree = "<group>";
		};
		CE380A1125BC4F910028622B /* Views */ = {
			isa = PBXGroup;
			children = (
				CE91140A25C439760096AB29 /* MapComponents */,
				CE01CC9D25C2A457001388B9 /* SearchPremise */,
				CE380A3225BC71E80028622B /* UniversityCorps */,
				CE380A1225BC4F910028622B /* xibs */,
				CE380A1525BC4F910028622B /* BottomBarNavigation.swift */,
				CE380A1625BC4F910028622B /* TopBarNavigation.swift */,
			);
			path = Views;
			sourceTree = "<group>";
		};
		CE380A1225BC4F910028622B /* xibs */ = {
			isa = PBXGroup;
			children = (
				CE380A1325BC4F910028622B /* TopBarView.xib */,
				CE380A1425BC4F910028622B /* BottomBarView.xib */,
				CE380A2C25BC6B590028622B /* UniversityCorpsView.xib */,
				CE380A3025BC70930028622B /* UniversityCorpCellTable.xib */,
				CE01CC9925C29E59001388B9 /* SearchPremiseView.xib */,
				CE01CC9B25C29F75001388B9 /* SearchPremiseCellTable.xib */,
				CE91140625C437740096AB29 /* StoreySwitcherView.xib */,
			);
			path = xibs;
			sourceTree = "<group>";
		};
		CE380A3225BC71E80028622B /* UniversityCorps */ = {
			isa = PBXGroup;
			children = (
				CE380A2E25BC6CF30028622B /* UniversityCorpsView.swift */,
				CE380A3325BC72390028622B /* UniversityCorpCellTable.swift */,
			);
			path = UniversityCorps;
			sourceTree = "<group>";
		};
		CE3B2B8625F67DC000DF7CC1 /* RootController */ = {
			isa = PBXGroup;
			children = (
				CE037E6925BC425700C50C16 /* RootViewController.swift */,
			);
			path = RootController;
			sourceTree = "<group>";
		};
		CE42A5AA25D41CB900CDDCA5 /* Models */ = {
			isa = PBXGroup;
			children = (
				CEE5B68025D6746A0023D640 /* Tables */,
				CEE5B67F25D674520023D640 /* TableMappers */,
			);
			path = Models;
			sourceTree = "<group>";
		};
		CE47D67C26009448009D1CCA /* Signin */ = {
			isa = PBXGroup;
			children = (
				CE47D67D2600947A009D1CCA /* Storyboards */,
				CECE8BA225FCC12D008D7840 /* SigninViewController.swift */,
				CE47D67E26009499009D1CCA /* SigninViewModel.swift */,
			);
			path = Signin;
			sourceTree = "<group>";
		};
		CE47D67D2600947A009D1CCA /* Storyboards */ = {
			isa = PBXGroup;
			children = (
				CECE8BA025FCB785008D7840 /* SigninViewController.storyboard */,
			);
			path = Storyboards;
			sourceTree = "<group>";
		};
		CE47D680260094B4009D1CCA /* MainPage */ = {
			isa = PBXGroup;
			children = (
				CE2B982B2601FB010008A2E1 /* Views */,
				CE47D681260094BF009D1CCA /* Storyboards */,
				CEE9D49625FFA74600D20C1A /* PersonalCabinetMainPageViewController.swift */,
				CE68297A2600D5CB008556FA /* PersonalCabinetMainPageViewModel.swift */,
			);
			path = MainPage;
			sourceTree = "<group>";
		};
		CE47D681260094BF009D1CCA /* Storyboards */ = {
			isa = PBXGroup;
			children = (
				CE47D67A26009196009D1CCA /* PersonalCabinetMainPageViewController.storyboard */,
				CE2B98292601F3380008A2E1 /* PersonalCabinetChapterCard.xib */,
			);
			path = Storyboards;
			sourceTree = "<group>";
		};
		CE5A9D6025CD3B2E000AE913 /* ViewModels */ = {
			isa = PBXGroup;
			children = (
				CE91140425C3FA020096AB29 /* NavigationViewModel.swift */,
				CE37A08C25CBFC540046C1F1 /* MapViewModel.swift */,
				CE009EEA25D6A20D00CA8604 /* UniversityCorpsViewModel.swift */,
			);
			path = ViewModels;
			sourceTree = "<group>";
		};
		CE5B3DFD25F539CD00DC66E9 /* Menu */ = {
			isa = PBXGroup;
			children = (
				CE5B3DF925F530F800DC66E9 /* MenuViewController.storyboard */,
				CE5B3DFB25F539C700DC66E9 /* MenuViewController.swift */,
				CEC0C8B925F6222D00760A0A /* MenuTableCell.swift */,
			);
			path = Menu;
			sourceTree = "<group>";
		};
		CE7F81B525FA071A00A70CCB /* Teachers */ = {
			isa = PBXGroup;
			children = (
				CE7F81B625FA076700A70CCB /* ListTeachers */,
				CE7F81B725FA077200A70CCB /* ScheduleTeacher */,
			);
			path = Teachers;
			sourceTree = "<group>";
		};
		CE7F81B625FA076700A70CCB /* ListTeachers */ = {
			isa = PBXGroup;
			children = (
				CE7F81C025FA0CA600A70CCB /* Views */,
				CE7F81BC25FA080400A70CCB /* Storyboards */,
				CE7F81BE25FA0C8800A70CCB /* ListTeachersViewController.swift */,
				CE7F81C325FA0F5400A70CCB /* ListTeachersViewModel.swift */,
				CE7F81C525FA0F8D00A70CCB /* ListTeachersModel.swift */,
			);
			path = ListTeachers;
			sourceTree = "<group>";
		};
		CE7F81B725FA077200A70CCB /* ScheduleTeacher */ = {
			isa = PBXGroup;
			children = (
			);
			path = ScheduleTeacher;
			sourceTree = "<group>";
		};
		CE7F81BC25FA080400A70CCB /* Storyboards */ = {
			isa = PBXGroup;
			children = (
				CE7F81B825FA079000A70CCB /* ListTeachers.storyboard */,
				CE7F81BA25FA07CD00A70CCB /* ListTeachersTableCell.xib */,
			);
			path = Storyboards;
			sourceTree = "<group>";
		};
		CE7F81C025FA0CA600A70CCB /* Views */ = {
			isa = PBXGroup;
			children = (
				CE7F81C125FA0CC000A70CCB /* ListTeachersTableCell.swift */,
			);
			path = Views;
			sourceTree = "<group>";
		};
		CE91140A25C439760096AB29 /* MapComponents */ = {
			isa = PBXGroup;
			children = (
				CE380A1725BC4F910028622B /* Marker.swift */,
				CE91140825C439460096AB29 /* StoreySwitcherView.swift */,
				CEACB2D825C7F2F900F4ADD3 /* Map.swift */,
			);
			path = MapComponents;
			sourceTree = "<group>";
		};
		CE9E00CD25D3FFDB00CF13C0 /* Database */ = {
			isa = PBXGroup;
			children = (
				CEE5B68525D67AEC0023D640 /* Database.swift */,
				CE009EF025D6C18000CA8604 /* admin_bstuDB.sqlite3 */,
				CED3903525D5AFFC004409CF /* bstuDB.sqlite3 */,
			);
			path = Database;
			sourceTree = "<group>";
		};
		CEA4C9AF260339BF00716C07 /* Attestation */ = {
			isa = PBXGroup;
			children = (
				CEA4C9B82603401C00716C07 /* Views */,
				CEA4C9B326033A7900716C07 /* Storyboards */,
				CEA4C9B92603403500716C07 /* AttestationViewController.swift */,
				CEA4C9C126034BF800716C07 /* AttestationModel.swift */,
			);
			path = Attestation;
			sourceTree = "<group>";
		};
		CEA4C9B0260339CD00716C07 /* Exams */ = {
			isa = PBXGroup;
			children = (
			);
			path = Exams;
			sourceTree = "<group>";
		};
		CEA4C9B326033A7900716C07 /* Storyboards */ = {
			isa = PBXGroup;
			children = (
				CEA4C9B426033A7900716C07 /* AttestationViewController.storyboard */,
				CEA4C9B62603401600716C07 /* AttestationCell.xib */,
				CEA4C9BB2603435C00716C07 /* AttestationCellDropdownCell.xib */,
			);
			path = Storyboards;
			sourceTree = "<group>";
		};
		CEA4C9B82603401C00716C07 /* Views */ = {
			isa = PBXGroup;
			children = (
				CEA4C9BD260343F300716C07 /* AttestationCell.swift */,
				CEA4C9BF2603442200716C07 /* AttestationCellDropdownCell.swift */,
			);
			path = Views;
			sourceTree = "<group>";
		};
		CECE8B9E25FCB6E1008D7840 /* PersonalCabinet */ = {
			isa = PBXGroup;
			children = (
				CECE8BA425FCD583008D7840 /* Extensions */,
				CEA4C9B0260339CD00716C07 /* Exams */,
				CEA4C9AF260339BF00716C07 /* Attestation */,
				CE47D680260094B4009D1CCA /* MainPage */,
				CE47D67C26009448009D1CCA /* Signin */,
			);
			path = PersonalCabinet;
			sourceTree = "<group>";
		};
		CECE8BA425FCD583008D7840 /* Extensions */ = {
			isa = PBXGroup;
			children = (
				CECE8BA525FCD594008D7840 /* PersonalCabinetButtonExtensions.swift */,
				CECEB15025FCDCA10015446C /* PersonalCabinetViewExtensions.swift */,
				CE51EE49260223C300F6FFFB /* PersonalCabinetViewControllerExtensions.swift */,
			);
			path = Extensions;
			sourceTree = "<group>";
		};
		CEE5B67F25D674520023D640 /* TableMappers */ = {
			isa = PBXGroup;
			children = (
				CEE5B68125D674CB0023D640 /* CorpMapper.swift */,
				CE009EEC25D6AC8B00CA8604 /* MarkerMapper.swift */,
				CE009EEE25D6B35D00CA8604 /* PremiseMapper.swift */,
				CE009EF225D6F88B00CA8604 /* TypePremiseMapper.swift */,
				CEE3AFC225D7D5D8007B1814 /* MapRoadDotMapper.swift */,
				CEE3AFC425D7D699007B1814 /* MapMapper.swift */,
			);
			path = TableMappers;
			sourceTree = "<group>";
		};
		CEE5B68025D6746A0023D640 /* Tables */ = {
			isa = PBXGroup;
			children = (
				CE42A5AB25D41CD800CDDCA5 /* CorpDB.swift */,
				CEE5B67525D66A9D0023D640 /* MapDB.swift */,
				CEE5B67725D66AAB0023D640 /* MapRoadDotDB.swift */,
				CEE5B67925D66AB70023D640 /* MarkerDB.swift */,
				CEE5B67B25D66ACA0023D640 /* PremiseDB.swift */,
				CEE5B67D25D66AD80023D640 /* TypePremiseDB.swift */,
			);
			path = Tables;
			sourceTree = "<group>";
		};
/* End PBXGroup section */

/* Begin PBXNativeTarget section */
		CE037E6125BC425700C50C16 /* BSTU App */ = {
			isa = PBXNativeTarget;
			buildConfigurationList = CE037E7625BC425E00C50C16 /* Build configuration list for PBXNativeTarget "BSTU App" */;
			buildPhases = (
				6B9580C6712D123A9F9C104E /* [CP] Check Pods Manifest.lock */,
				CE037E5E25BC425700C50C16 /* Sources */,
				CE037E5F25BC425700C50C16 /* Frameworks */,
				CE037E6025BC425700C50C16 /* Resources */,
				049D290B5481E284ADF12476 /* [CP] Embed Pods Frameworks */,
			);
			buildRules = (
			);
			dependencies = (
			);
			name = "BSTU App";
			productName = "BSTU App";
			productReference = CE037E6225BC425700C50C16 /* BSTU App.app */;
			productType = "com.apple.product-type.application";
		};
/* End PBXNativeTarget section */

/* Begin PBXProject section */
		CE037E5A25BC425700C50C16 /* Project object */ = {
			isa = PBXProject;
			attributes = {
				LastSwiftUpdateCheck = 1140;
				LastUpgradeCheck = 1140;
				ORGANIZATIONNAME = "Alexey Taran";
				TargetAttributes = {
					CE037E6125BC425700C50C16 = {
						CreatedOnToolsVersion = 11.4;
					};
				};
			};
			buildConfigurationList = CE037E5D25BC425700C50C16 /* Build configuration list for PBXProject "BSTU App" */;
			compatibilityVersion = "Xcode 9.3";
			developmentRegion = en;
			hasScannedForEncodings = 0;
			knownRegions = (
				en,
				Base,
			);
			mainGroup = CE037E5925BC425700C50C16;
			productRefGroup = CE037E6325BC425700C50C16 /* Products */;
			projectDirPath = "";
			projectRoot = "";
			targets = (
				CE037E6125BC425700C50C16 /* BSTU App */,
			);
		};
/* End PBXProject section */

/* Begin PBXResourcesBuildPhase section */
		CE037E6025BC425700C50C16 /* Resources */ = {
			isa = PBXResourcesBuildPhase;
			buildActionMask = 2147483647;
			files = (
				CE04A3F825EF9B9700BE073D /* GroupSheduleViewController.storyboard in Resources */,
				CE380A2D25BC6B590028622B /* UniversityCorpsView.xib in Resources */,
				CE01CC9C25C29F75001388B9 /* SearchPremiseCellTable.xib in Resources */,
				CE04A3F025EF9B9700BE073D /* GroupsScreen.storyboard in Resources */,
				CE04A3EF25EF9B9700BE073D /* exam.png in Resources */,
				CE380A2725BC4F910028622B /* BottomBarView.xib in Resources */,
				CEA4C9B72603401600716C07 /* AttestationCell.xib in Resources */,
				CE04A3F925EF9B9700BE073D /* GroupSheduleCard.xib in Resources */,
				CE380A1A25BC4F910028622B /* rectangle.png in Resources */,
				CE5B3DFA25F530F800DC66E9 /* MenuViewController.storyboard in Resources */,
				CE7F81BB25FA07CD00A70CCB /* ListTeachersTableCell.xib in Resources */,
				CE04A3EB25EF9B9700BE073D /* dropdown.png in Resources */,
				CE009EF125D6C18100CA8604 /* admin_bstuDB.sqlite3 in Resources */,
				CE04A3EE25EF9B9700BE073D /* delete.png in Resources */,
				CE380A1E25BC4F910028622B /* marker_pointer.png in Resources */,
				CEA4C9BC2603435C00716C07 /* AttestationCellDropdownCell.xib in Resources */,
				CE04A3E125EF9B9700BE073D /* InstitutionsScreen.storyboard in Resources */,
				CE380A1D25BC4F910028622B /* showMore.png in Resources */,
				CE04A3EA25EF9B9700BE073D /* menu.png in Resources */,
				CE380A2625BC4F910028622B /* TopBarView.xib in Resources */,
				CE380A1C25BC4F910028622B /* building.png in Resources */,
				CE7F81B925FA079000A70CCB /* ListTeachers.storyboard in Resources */,
				CE04A3E925EF9B9700BE073D /* leftArrow.png in Resources */,
				CE47D67B26009196009D1CCA /* PersonalCabinetMainPageViewController.storyboard in Resources */,
				CE037E7225BC425E00C50C16 /* LaunchScreen.storyboard in Resources */,
				CE04A3FA25EF9B9700BE073D /* EmptySheduleView.xib in Resources */,
				CE01CC9A25C29E59001388B9 /* SearchPremiseView.xib in Resources */,
				CE037E6F25BC425E00C50C16 /* Assets.xcassets in Resources */,
				CED3903625D5AFFC004409CF /* bstuDB.sqlite3 in Resources */,
				CE04A3E625EF9B9700BE073D /* emptyExam.png in Resources */,
				CE04A3ED25EF9B9700BE073D /* okSelection.png in Resources */,
				CECE8BA125FCB785008D7840 /* SigninViewController.storyboard in Resources */,
				CE91140725C437740096AB29 /* StoreySwitcherView.xib in Resources */,
				CEA4C9B526033A7900716C07 /* AttestationViewController.storyboard in Resources */,
				CE04A3E825EF9B9700BE073D /* books.png in Resources */,
				CE380A3125BC70930028622B /* UniversityCorpCellTable.xib in Resources */,
				CE04A3EC25EF9B9700BE073D /* dropup.png in Resources */,
				CE2B982A2601F3380008A2E1 /* PersonalCabinetChapterCard.xib in Resources */,
			);
			runOnlyForDeploymentPostprocessing = 0;
		};
/* End PBXResourcesBuildPhase section */

/* Begin PBXShellScriptBuildPhase section */
		049D290B5481E284ADF12476 /* [CP] Embed Pods Frameworks */ = {
			isa = PBXShellScriptBuildPhase;
			buildActionMask = 2147483647;
			files = (
			);
			inputFileListPaths = (
				"${PODS_ROOT}/Target Support Files/Pods-BSTU App/Pods-BSTU App-frameworks-${CONFIGURATION}-input-files.xcfilelist",
			);
			name = "[CP] Embed Pods Frameworks";
			outputFileListPaths = (
				"${PODS_ROOT}/Target Support Files/Pods-BSTU App/Pods-BSTU App-frameworks-${CONFIGURATION}-output-files.xcfilelist",
			);
			runOnlyForDeploymentPostprocessing = 0;
			shellPath = /bin/sh;
			shellScript = "\"${PODS_ROOT}/Target Support Files/Pods-BSTU App/Pods-BSTU App-frameworks.sh\"\n";
			showEnvVarsInLog = 0;
		};
		6B9580C6712D123A9F9C104E /* [CP] Check Pods Manifest.lock */ = {
			isa = PBXShellScriptBuildPhase;
			buildActionMask = 2147483647;
			files = (
			);
			inputFileListPaths = (
			);
			inputPaths = (
				"${PODS_PODFILE_DIR_PATH}/Podfile.lock",
				"${PODS_ROOT}/Manifest.lock",
			);
			name = "[CP] Check Pods Manifest.lock";
			outputFileListPaths = (
			);
			outputPaths = (
				"$(DERIVED_FILE_DIR)/Pods-BSTU App-checkManifestLockResult.txt",
			);
			runOnlyForDeploymentPostprocessing = 0;
			shellPath = /bin/sh;
			shellScript = "diff \"${PODS_PODFILE_DIR_PATH}/Podfile.lock\" \"${PODS_ROOT}/Manifest.lock\" > /dev/null\nif [ $? != 0 ] ; then\n    # print error to STDERR\n    echo \"error: The sandbox is not in sync with the Podfile.lock. Run 'pod install' or update your CocoaPods installation.\" >&2\n    exit 1\nfi\n# This output is used by Xcode 'outputs' to avoid re-running this script phase.\necho \"SUCCESS\" > \"${SCRIPT_OUTPUT_FILE_0}\"\n";
			showEnvVarsInLog = 0;
		};
/* End PBXShellScriptBuildPhase section */

/* Begin PBXSourcesBuildPhase section */
		CE037E5E25BC425700C50C16 /* Sources */ = {
			isa = PBXSourcesBuildPhase;
			buildActionMask = 2147483647;
			files = (
				CEE5B68625D67AEC0023D640 /* Database.swift in Sources */,
				CEE5B67C25D66ACA0023D640 /* PremiseDB.swift in Sources */,
				CECE8BA625FCD594008D7840 /* PersonalCabinetButtonExtensions.swift in Sources */,
				CE037E6A25BC425700C50C16 /* RootViewController.swift in Sources */,
				CE380A2925BC4F910028622B /* TopBarNavigation.swift in Sources */,
				CE01CC9F25C2A496001388B9 /* SearchPremiseView.swift in Sources */,
				CE009EEB25D6A20D00CA8604 /* UniversityCorpsViewModel.swift in Sources */,
				CE42A5AC25D41CD800CDDCA5 /* CorpDB.swift in Sources */,
				CE380A2525BC4F910028622B /* TextFieldExtensions.swift in Sources */,
				CEA4C9C226034BF800716C07 /* AttestationModel.swift in Sources */,
				CEA4C9C02603442200716C07 /* AttestationCellDropdownCell.swift in Sources */,
				CECE8BA325FCC12D008D7840 /* SigninViewController.swift in Sources */,
				CE04A3FD25EF9B9700BE073D /* GroupSheduleCard.swift in Sources */,
				CE380A2125BC4F910028622B /* ViewExtensions.swift in Sources */,
				CE380A2825BC4F910028622B /* BottomBarNavigation.swift in Sources */,
				CE91140525C3FA020096AB29 /* NavigationViewModel.swift in Sources */,
				CE380A3425BC72390028622B /* UniversityCorpCellTable.swift in Sources */,
				CE04A3E325EF9B9700BE073D /* InstitutionModel.swift in Sources */,
				CE037E6625BC425700C50C16 /* AppDelegate.swift in Sources */,
				CE04A40025EF9B9700BE073D /* TypeWeekCell.swift in Sources */,
				CE81A73425F0FCA5007358F7 /* SheduleLabelExtensions.swift in Sources */,
				CECEB15125FCDCA10015446C /* PersonalCabinetViewExtensions.swift in Sources */,
				CE51EE4A260223C300F6FFFB /* PersonalCabinetViewControllerExtensions.swift in Sources */,
				CEA4C9BA2603403500716C07 /* AttestationViewController.swift in Sources */,
				CEACB2D925C7F2F900F4ADD3 /* Map.swift in Sources */,
				CE7F81BF25FA0C8800A70CCB /* ListTeachersViewController.swift in Sources */,
				CE04A3FE25EF9B9700BE073D /* DateSegmentedControl.swift in Sources */,
				CE009EF325D6F88B00CA8604 /* TypePremiseMapper.swift in Sources */,
				CE009EED25D6AC8B00CA8604 /* MarkerMapper.swift in Sources */,
				CEE5B67825D66AAB0023D640 /* MapRoadDotDB.swift in Sources */,
				CE380A2325BC4F910028622B /* ImageExtensions.swift in Sources */,
				CE380A2B25BC4F910028622B /* NavigationViewController.swift in Sources */,
				CE2B982D2601FB1E0008A2E1 /* PersonalCabinetChapterCard.swift in Sources */,
				CE01CCA125C2A4BB001388B9 /* SearchPremiseCellTable.swift in Sources */,
				CE380A2425BC4F910028622B /* ButtonExtensions.swift in Sources */,
				CE7F81C425FA0F5400A70CCB /* ListTeachersViewModel.swift in Sources */,
				CE380A2F25BC6CF30028622B /* UniversityCorpsView.swift in Sources */,
				CEE5B67A25D66AB70023D640 /* MarkerDB.swift in Sources */,
				CE04A3FF25EF9B9700BE073D /* EmptySheduleView.swift in Sources */,
				CE04A3F325EF9B9700BE073D /* GroupsViewController.swift in Sources */,
				CE68297B2600D5CB008556FA /* PersonalCabinetMainPageViewModel.swift in Sources */,
				CE04A3F525EF9B9700BE073D /* SheduleColorExtensions.swift in Sources */,
				CE47D67F26009499009D1CCA /* SigninViewModel.swift in Sources */,
				CE04A40125EF9B9700BE073D /* GroupSheduleViewModel.swift in Sources */,
				CE04A3F125EF9B9700BE073D /* GroupsModel.swift in Sources */,
				CE04A3F425EF9B9700BE073D /* GroupsViewCell.swift in Sources */,
				CEE3AFC325D7D5D8007B1814 /* MapRoadDotMapper.swift in Sources */,
				CE7F81C625FA0F8D00A70CCB /* ListTeachersModel.swift in Sources */,
				CED0489725F006D500B7DD65 /* GroupSheduleModel.swift in Sources */,
				CE009EEF25D6B35D00CA8604 /* PremiseMapper.swift in Sources */,
				CEE5B67625D66A9D0023D640 /* MapDB.swift in Sources */,
				CE380A2A25BC4F910028622B /* Marker.swift in Sources */,
				CE04A3F725EF9B9700BE073D /* SheduleImageExtensions.swift in Sources */,
				CE7F81C225FA0CC000A70CCB /* ListTeachersTableCell.swift in Sources */,
				CEE3AFC525D7D699007B1814 /* MapMapper.swift in Sources */,
				CE04A3E225EF9B9700BE073D /* InstitutionsViewController.swift in Sources */,
				CE04A3E425EF9B9700BE073D /* InstitutionsTableCell.swift in Sources */,
				CEA4C9BE260343F300716C07 /* AttestationCell.swift in Sources */,
				CE04A3FB25EF9B9700BE073D /* GroupSheduleViewController.swift in Sources */,
				CEE5B67E25D66AD80023D640 /* TypePremiseDB.swift in Sources */,
				CE91140925C439460096AB29 /* StoreySwitcherView.swift in Sources */,
				CE16978625C064F10040AE95 /* LabelExtensions.swift in Sources */,
				CE37A08D25CBFC540046C1F1 /* MapViewModel.swift in Sources */,
				CEC0C8BA25F6222D00760A0A /* MenuTableCell.swift in Sources */,
				CE04A3F225EF9B9700BE073D /* GroupsViewModel.swift in Sources */,
				CEE9D49725FFA74700D20C1A /* PersonalCabinetMainPageViewController.swift in Sources */,
				CE5B3DFC25F539C700DC66E9 /* MenuViewController.swift in Sources */,
				CE16978825C151710040AE95 /* ColorExtensions.swift in Sources */,
				CEE5B68225D674CB0023D640 /* CorpMapper.swift in Sources */,
				CE04A3E525EF9B9700BE073D /* InstitutionsViewModel.swift in Sources */,
				CE04A3F625EF9B9700BE073D /* SheduleViewExtensions.swift in Sources */,
			);
			runOnlyForDeploymentPostprocessing = 0;
		};
/* End PBXSourcesBuildPhase section */

/* Begin PBXVariantGroup section */
		CE037E7025BC425E00C50C16 /* LaunchScreen.storyboard */ = {
			isa = PBXVariantGroup;
			children = (
				CE037E7125BC425E00C50C16 /* Base */,
			);
			name = LaunchScreen.storyboard;
			sourceTree = "<group>";
		};
/* End PBXVariantGroup section */

/* Begin XCBuildConfiguration section */
		CE037E7425BC425E00C50C16 /* Debug */ = {
			isa = XCBuildConfiguration;
			buildSettings = {
				ALWAYS_SEARCH_USER_PATHS = NO;
				CLANG_ANALYZER_NONNULL = YES;
				CLANG_ANALYZER_NUMBER_OBJECT_CONVERSION = YES_AGGRESSIVE;
				CLANG_CXX_LANGUAGE_STANDARD = "gnu++14";
				CLANG_CXX_LIBRARY = "libc++";
				CLANG_ENABLE_MODULES = YES;
				CLANG_ENABLE_OBJC_ARC = YES;
				CLANG_ENABLE_OBJC_WEAK = YES;
				CLANG_WARN_BLOCK_CAPTURE_AUTORELEASING = YES;
				CLANG_WARN_BOOL_CONVERSION = YES;
				CLANG_WARN_COMMA = YES;
				CLANG_WARN_CONSTANT_CONVERSION = YES;
				CLANG_WARN_DEPRECATED_OBJC_IMPLEMENTATIONS = YES;
				CLANG_WARN_DIRECT_OBJC_ISA_USAGE = YES_ERROR;
				CLANG_WARN_DOCUMENTATION_COMMENTS = YES;
				CLANG_WARN_EMPTY_BODY = YES;
				CLANG_WARN_ENUM_CONVERSION = YES;
				CLANG_WARN_INFINITE_RECURSION = YES;
				CLANG_WARN_INT_CONVERSION = YES;
				CLANG_WARN_NON_LITERAL_NULL_CONVERSION = YES;
				CLANG_WARN_OBJC_IMPLICIT_RETAIN_SELF = YES;
				CLANG_WARN_OBJC_LITERAL_CONVERSION = YES;
				CLANG_WARN_OBJC_ROOT_CLASS = YES_ERROR;
				CLANG_WARN_RANGE_LOOP_ANALYSIS = YES;
				CLANG_WARN_STRICT_PROTOTYPES = YES;
				CLANG_WARN_SUSPICIOUS_MOVE = YES;
				CLANG_WARN_UNGUARDED_AVAILABILITY = YES_AGGRESSIVE;
				CLANG_WARN_UNREACHABLE_CODE = YES;
				CLANG_WARN__DUPLICATE_METHOD_MATCH = YES;
				COPY_PHASE_STRIP = NO;
				DEBUG_INFORMATION_FORMAT = dwarf;
				ENABLE_STRICT_OBJC_MSGSEND = YES;
				ENABLE_TESTABILITY = YES;
				GCC_C_LANGUAGE_STANDARD = gnu11;
				GCC_DYNAMIC_NO_PIC = NO;
				GCC_NO_COMMON_BLOCKS = YES;
				GCC_OPTIMIZATION_LEVEL = 0;
				GCC_PREPROCESSOR_DEFINITIONS = (
					"DEBUG=1",
					"$(inherited)",
				);
				GCC_WARN_64_TO_32_BIT_CONVERSION = YES;
				GCC_WARN_ABOUT_RETURN_TYPE = YES_ERROR;
				GCC_WARN_UNDECLARED_SELECTOR = YES;
				GCC_WARN_UNINITIALIZED_AUTOS = YES_AGGRESSIVE;
				GCC_WARN_UNUSED_FUNCTION = YES;
				GCC_WARN_UNUSED_VARIABLE = YES;
				IPHONEOS_DEPLOYMENT_TARGET = 13.4;
				MTL_ENABLE_DEBUG_INFO = INCLUDE_SOURCE;
				MTL_FAST_MATH = YES;
				ONLY_ACTIVE_ARCH = YES;
				SDKROOT = iphoneos;
				SWIFT_ACTIVE_COMPILATION_CONDITIONS = DEBUG;
				SWIFT_OPTIMIZATION_LEVEL = "-Onone";
			};
			name = Debug;
		};
		CE037E7525BC425E00C50C16 /* Release */ = {
			isa = XCBuildConfiguration;
			buildSettings = {
				ALWAYS_SEARCH_USER_PATHS = NO;
				CLANG_ANALYZER_NONNULL = YES;
				CLANG_ANALYZER_NUMBER_OBJECT_CONVERSION = YES_AGGRESSIVE;
				CLANG_CXX_LANGUAGE_STANDARD = "gnu++14";
				CLANG_CXX_LIBRARY = "libc++";
				CLANG_ENABLE_MODULES = YES;
				CLANG_ENABLE_OBJC_ARC = YES;
				CLANG_ENABLE_OBJC_WEAK = YES;
				CLANG_WARN_BLOCK_CAPTURE_AUTORELEASING = YES;
				CLANG_WARN_BOOL_CONVERSION = YES;
				CLANG_WARN_COMMA = YES;
				CLANG_WARN_CONSTANT_CONVERSION = YES;
				CLANG_WARN_DEPRECATED_OBJC_IMPLEMENTATIONS = YES;
				CLANG_WARN_DIRECT_OBJC_ISA_USAGE = YES_ERROR;
				CLANG_WARN_DOCUMENTATION_COMMENTS = YES;
				CLANG_WARN_EMPTY_BODY = YES;
				CLANG_WARN_ENUM_CONVERSION = YES;
				CLANG_WARN_INFINITE_RECURSION = YES;
				CLANG_WARN_INT_CONVERSION = YES;
				CLANG_WARN_NON_LITERAL_NULL_CONVERSION = YES;
				CLANG_WARN_OBJC_IMPLICIT_RETAIN_SELF = YES;
				CLANG_WARN_OBJC_LITERAL_CONVERSION = YES;
				CLANG_WARN_OBJC_ROOT_CLASS = YES_ERROR;
				CLANG_WARN_RANGE_LOOP_ANALYSIS = YES;
				CLANG_WARN_STRICT_PROTOTYPES = YES;
				CLANG_WARN_SUSPICIOUS_MOVE = YES;
				CLANG_WARN_UNGUARDED_AVAILABILITY = YES_AGGRESSIVE;
				CLANG_WARN_UNREACHABLE_CODE = YES;
				CLANG_WARN__DUPLICATE_METHOD_MATCH = YES;
				COPY_PHASE_STRIP = NO;
				DEBUG_INFORMATION_FORMAT = "dwarf-with-dsym";
				ENABLE_NS_ASSERTIONS = NO;
				ENABLE_STRICT_OBJC_MSGSEND = YES;
				GCC_C_LANGUAGE_STANDARD = gnu11;
				GCC_NO_COMMON_BLOCKS = YES;
				GCC_WARN_64_TO_32_BIT_CONVERSION = YES;
				GCC_WARN_ABOUT_RETURN_TYPE = YES_ERROR;
				GCC_WARN_UNDECLARED_SELECTOR = YES;
				GCC_WARN_UNINITIALIZED_AUTOS = YES_AGGRESSIVE;
				GCC_WARN_UNUSED_FUNCTION = YES;
				GCC_WARN_UNUSED_VARIABLE = YES;
				IPHONEOS_DEPLOYMENT_TARGET = 13.4;
				MTL_ENABLE_DEBUG_INFO = NO;
				MTL_FAST_MATH = YES;
				SDKROOT = iphoneos;
				SWIFT_COMPILATION_MODE = wholemodule;
				SWIFT_OPTIMIZATION_LEVEL = "-O";
				VALIDATE_PRODUCT = YES;
			};
			name = Release;
		};
		CE037E7725BC425E00C50C16 /* Debug */ = {
			isa = XCBuildConfiguration;
			baseConfigurationReference = ABF099B5FE0345803994AC74 /* Pods-BSTU App.debug.xcconfig */;
			buildSettings = {
				ASSETCATALOG_COMPILER_APPICON_NAME = AppIcon;
				CODE_SIGN_IDENTITY = "iPhone Developer";
				CODE_SIGN_STYLE = Automatic;
				DEVELOPMENT_TEAM = S67VDJMK85;
				INFOPLIST_FILE = "BSTU App/Info.plist";
				IPHONEOS_DEPLOYMENT_TARGET = 12.0;
				LD_RUNPATH_SEARCH_PATHS = (
					"$(inherited)",
					"@executable_path/Frameworks",
				);
				PRODUCT_BUNDLE_IDENTIFIER = "Alexey-Taran.BSTU-Application";
				PRODUCT_NAME = "$(TARGET_NAME)";
				PROVISIONING_PROFILE_SPECIFIER = "";
				SWIFT_VERSION = 5.0;
				TARGETED_DEVICE_FAMILY = "1,2";
			};
			name = Debug;
		};
		CE037E7825BC425E00C50C16 /* Release */ = {
			isa = XCBuildConfiguration;
			baseConfigurationReference = 6D108528D00D09DA3E838396 /* Pods-BSTU App.release.xcconfig */;
			buildSettings = {
				ASSETCATALOG_COMPILER_APPICON_NAME = AppIcon;
				CODE_SIGN_IDENTITY = "iPhone Developer";
				CODE_SIGN_STYLE = Automatic;
				DEVELOPMENT_TEAM = S67VDJMK85;
				INFOPLIST_FILE = "BSTU App/Info.plist";
				IPHONEOS_DEPLOYMENT_TARGET = 12.0;
				LD_RUNPATH_SEARCH_PATHS = (
					"$(inherited)",
					"@executable_path/Frameworks",
				);
				PRODUCT_BUNDLE_IDENTIFIER = "Alexey-Taran.BSTU-Application";
				PRODUCT_NAME = "$(TARGET_NAME)";
				SWIFT_VERSION = 5.0;
				TARGETED_DEVICE_FAMILY = "1,2";
			};
			name = Release;
		};
/* End XCBuildConfiguration section */

/* Begin XCConfigurationList section */
		CE037E5D25BC425700C50C16 /* Build configuration list for PBXProject "BSTU App" */ = {
			isa = XCConfigurationList;
			buildConfigurations = (
				CE037E7425BC425E00C50C16 /* Debug */,
				CE037E7525BC425E00C50C16 /* Release */,
			);
			defaultConfigurationIsVisible = 0;
			defaultConfigurationName = Release;
		};
		CE037E7625BC425E00C50C16 /* Build configuration list for PBXNativeTarget "BSTU App" */ = {
			isa = XCConfigurationList;
			buildConfigurations = (
				CE037E7725BC425E00C50C16 /* Debug */,
				CE037E7825BC425E00C50C16 /* Release */,
			);
			defaultConfigurationIsVisible = 0;
			defaultConfigurationName = Release;
		};
/* End XCConfigurationList section */
	};
	rootObject = CE037E5A25BC425700C50C16 /* Project object */;
}
